PODS:
  - HandyJSON (5.0.2)
  - Highlightr (2.1.0)
  - Masonry (1.1.0)
  - NNButton (1.1.5.3)
  - NNLabel (1.0.1)
  - RxBlocking (6.5.0):
    - RxSwift (= 6.5.0)
  - RxCocoa (6.5.0):
    - RxRelay (= 6.5.0)
    - RxSwift (= 6.5.0)
  - RxRelay (6.5.0):
    - RxSwift (= 6.5.0)
  - RxSwift (6.5.0)
  - SnapKit (5.6.0)
  - SnapKitExtend (1.1.0):
    - SnapKit
  - SwiftExpand (8.1.1)
  - Then (3.0.0)
  - YYModel (1.0.4)

DEPENDENCIES:
  - HandyJSON
  - Highlightr
  - Masonry
  - NNButton
  - NNLabel
  - RxBlocking
  - RxCocoa
  - RxSwift
  - SnapKit
  - SnapKitExtend
  - SwiftExpand
  - Then
  - YYModel

SPEC REPOS:
  https://github.com/CocoaPods/Specs.git:
    - HandyJSON
    - Highlightr
    - Masonry
    - NNButton
    - NNLabel
    - RxBlocking
    - RxCocoa
    - RxRelay
    - RxSwift
    - SnapKit
    - SnapKitExtend
    - SwiftExpand
    - Then
    - YYModel

SPEC CHECKSUMS:
  HandyJSON: 9e4e236f5d2dbefad5155a77417bbea438201c03
  Highlightr: 595f3e100737c8de41113385da8bd0b5b65212c6
  Masonry: 678fab65091a9290e40e2832a55e7ab731aad201
  NNButton: 5ff24013480dc6012be208bc5b13e2429002cae1
  NNLabel: f7ff344f836f938b499a2df7bc32f50f2e339829
  RxBlocking: 04b5fd28bb5ea49f7d64b80db8bbfe50d9cc1c7d
  RxCocoa: 94f817b71c07517321eb4f9ad299112ca8af743b
  RxRelay: 1de1523e604c72b6c68feadedd1af3b1b4d0ecbd
  RxSwift: 5710a9e6b17f3c3d6e40d6e559b9fa1e813b2ef8
  SnapKit: e01d52ebb8ddbc333eefe2132acf85c8227d9c25
  SnapKitExtend: aa30cf37196195fae9c4354686cc7710184ebfcc
  SwiftExpand: 03d366642f986bf87aca22d80ade9de140d3cab0
  Then: 844265ae87834bbe1147d91d5d41a404da2ec27d
  YYModel: 2a7fdd96aaa4b86a824e26d0c517de8928c04b30

PODFILE CHECKSUM: a187417ec2f1c3a4d82a5cd6bd4847562f01adf4

COCOAPODS: 1.12.0
