// !$*UTF8*$!
{
	archiveVersion = 1;
	classes = {
	};
	objectVersion = 51;
	objects = {

/* Begin PBXBuildFile section */
		070967CF6BBBA408F67F8E13 /* Pods_MacTemplet.framework in Frameworks */ = {isa = PBXBuildFile; fileRef = 750F95E0B5C6065D36495336 /* Pods_MacTemplet.framework */; };
		140D292E2317E8C200867785 /* QuartzCore.framework in Frameworks */ = {isa = PBXBuildFile; fileRef = 140D292D2317E8C200867785 /* QuartzCore.framework */; };
		140D294F23189D9600867785 /* Photos.framework in Frameworks */ = {isa = PBXBuildFile; fileRef = 140D294E23189D9600867785 /* Photos.framework */; };
		14132978238559CE00E7AFCA /* NSTestViewController.m in Sources */ = {isa = PBXBuildFile; fileRef = 14132977238559CE00E7AFCA /* NSTestViewController.m */; };
		1445780022BCF50E0007C7B3 /* Const.m in Sources */ = {isa = PBXBuildFile; fileRef = 144577FF22BCF50E0007C7B3 /* Const.m */; };
		1445780322BDDAF90007C7B3 /* Swift-HandyJSON.json in Resources */ = {isa = PBXBuildFile; fileRef = 1445780222BDDAF90007C7B3 /* Swift-HandyJSON.json */; };
		1445780522BDDB540007C7B3 /* ObjC-YYModel.json in Resources */ = {isa = PBXBuildFile; fileRef = 1445780422BDDB540007C7B3 /* ObjC-YYModel.json */; };
		1445780F22BDF0520007C7B3 /* NNLanguageModel.m in Sources */ = {isa = PBXBuildFile; fileRef = 1445780E22BDF0520007C7B3 /* NNLanguageModel.m */; };
		1445782A22C1CDC90007C7B3 /* NSTableCellViewTen.m in Sources */ = {isa = PBXBuildFile; fileRef = 1445782922C1CDC90007C7B3 /* NSTableCellViewTen.m */; };
		1445783B22C1FFE20007C7B3 /* NNClassInfoModel.m in Sources */ = {isa = PBXBuildFile; fileRef = 1445783A22C1FFE20007C7B3 /* NNClassInfoModel.m */; };
		1445783E22C2FDCE0007C7B3 /* NNTextViewContoller.m in Sources */ = {isa = PBXBuildFile; fileRef = 1445783D22C2FDCD0007C7B3 /* NNTextViewContoller.m */; };
		14627D9D23C863DE00FE9918 /* BatchVCCreateController.swift in Sources */ = {isa = PBXBuildFile; fileRef = 14627D9C23C863DD00FE9918 /* BatchVCCreateController.swift */; };
		14627DA023C863F200FE9918 /* BatchAPICreateController.swift in Sources */ = {isa = PBXBuildFile; fileRef = 14627D9E23C863F200FE9918 /* BatchAPICreateController.swift */; };
		1480B0D7238CB8F000E24BDB /* Skull.jpg in Resources */ = {isa = PBXBuildFile; fileRef = 1480B0D6238CB8F000E24BDB /* Skull.jpg */; };
		1480B0D9238CBDC200E24BDB /* NSStackViewController.swift in Sources */ = {isa = PBXBuildFile; fileRef = 1480B0D8238CBDC200E24BDB /* NSStackViewController.swift */; };
		1480B0E3238CC63900E24BDB /* MapViewController.swift in Sources */ = {isa = PBXBuildFile; fileRef = 1480B0E2238CC63900E24BDB /* MapViewController.swift */; };
		1480B0E5238CC90F00E24BDB /* MapKit.framework in Frameworks */ = {isa = PBXBuildFile; fileRef = 1480B0E4238CC90F00E24BDB /* MapKit.framework */; };
		1480B0E7238CC91F00E24BDB /* CoreLocation.framework in Frameworks */ = {isa = PBXBuildFile; fileRef = 1480B0E6238CC91F00E24BDB /* CoreLocation.framework */; };
		1480B0E9238CC94100E24BDB /* MKMapView+Helper.swift in Sources */ = {isa = PBXBuildFile; fileRef = 1480B0E8238CC94000E24BDB /* MKMapView+Helper.swift */; };
		1480B0EE238CED7200E24BDB /* NNSwitchThumbView.swift in Sources */ = {isa = PBXBuildFile; fileRef = 1480B0EC238CED7200E24BDB /* NNSwitchThumbView.swift */; };
		1480B0EF238CED7200E24BDB /* NNSwitch.swift in Sources */ = {isa = PBXBuildFile; fileRef = 1480B0ED238CED7200E24BDB /* NNSwitch.swift */; };
		1480B0F1238CEF7800E24BDB /* NNSwitchView.swift in Sources */ = {isa = PBXBuildFile; fileRef = 1480B0F0238CEF7800E24BDB /* NNSwitchView.swift */; };
		1480B0F3238D172700E24BDB /* FileController.swift in Sources */ = {isa = PBXBuildFile; fileRef = 1480B0F2238D172700E24BDB /* FileController.swift */; };
		1480B0F5238D2D7000E24BDB /* THML5常用控件总结.txt in Resources */ = {isa = PBXBuildFile; fileRef = 1480B0F4238D2D7000E24BDB /* THML5常用控件总结.txt */; };
		1482F71822AB8BD400A7C5E1 /* AppDelegate.m in Sources */ = {isa = PBXBuildFile; fileRef = 1482F71722AB8BD400A7C5E1 /* AppDelegate.m */; };
		1482F71A22AB8BD500A7C5E1 /* Assets.xcassets in Resources */ = {isa = PBXBuildFile; fileRef = 1482F71922AB8BD500A7C5E1 /* Assets.xcassets */; };
		1482F72022AB8BD500A7C5E1 /* main.m in Sources */ = {isa = PBXBuildFile; fileRef = 1482F71F22AB8BD500A7C5E1 /* main.m */; };
		1482F85922AB9C2E00A7C5E1 /* TableViewController.m in Sources */ = {isa = PBXBuildFile; fileRef = 1482F85722AB9C2E00A7C5E1 /* TableViewController.m */; };
		1482F86022ABA55F00A7C5E1 /* NNView.m in Sources */ = {isa = PBXBuildFile; fileRef = 1482F85F22ABA55F00A7C5E1 /* NNView.m */; };
		14A63DB923AB83D90015725A /* NNTableViewController.swift in Sources */ = {isa = PBXBuildFile; fileRef = 14A63DB823AB83D90015725A /* NNTableViewController.swift */; };
		14A63DBC23AC63910015725A /* NSTableCellViewOne.swift in Sources */ = {isa = PBXBuildFile; fileRef = 14A63DBB23AC63910015725A /* NSTableCellViewOne.swift */; };
		14ADE20C23C87B4400037B0B /* NNCopyRightModel.swift in Sources */ = {isa = PBXBuildFile; fileRef = 14ADE20B23C87B4400037B0B /* NNCopyRightModel.swift */; };
		14ADE20E23C881FA00037B0B /* NNViewControllerModel.swift in Sources */ = {isa = PBXBuildFile; fileRef = 14ADE20D23C881FA00037B0B /* NNViewControllerModel.swift */; };
		14C0625523878FC70016EC8A /* TmpViewController.swift in Sources */ = {isa = PBXBuildFile; fileRef = 14C0625423878FC60016EC8A /* TmpViewController.swift */; };
		14D40A0622C3884900AF74B9 /* ProppertyLazyController.m in Sources */ = {isa = PBXBuildFile; fileRef = 14D40A0522C3884900AF74B9 /* ProppertyLazyController.m */; };
		14D40A0922C449B300AF74B9 /* NNPropertyInfoModel.m in Sources */ = {isa = PBXBuildFile; fileRef = 14D40A0822C449B300AF74B9 /* NNPropertyInfoModel.m */; };
		14D40A0C22C462E200AF74B9 /* HomeViewController.m in Sources */ = {isa = PBXBuildFile; fileRef = 14D40A0B22C462E200AF74B9 /* HomeViewController.m */; };
		14D40A0F22C4983D00AF74B9 /* NNButton.m in Sources */ = {isa = PBXBuildFile; fileRef = 14D40A0E22C4983C00AF74B9 /* NNButton.m */; };
		14D40A1222C4A6DA00AF74B9 /* AuthorInfoController.m in Sources */ = {isa = PBXBuildFile; fileRef = 14D40A1122C4A6DA00AF74B9 /* AuthorInfoController.m */; };
		14F08BCC2303BC1800B75842 /* JsonToModelController.m in Sources */ = {isa = PBXBuildFile; fileRef = 14F08BCB2303BC1800B75842 /* JsonToModelController.m */; };
		14F0FDA022ADF12C00057093 /* NSObject+Hook.m in Sources */ = {isa = PBXBuildFile; fileRef = 14F0FD9E22ADF12C00057093 /* NSObject+Hook.m */; };
		14F0FDA322ADF14100057093 /* NSViewController+Hook.m in Sources */ = {isa = PBXBuildFile; fileRef = 14F0FDA222ADF14100057093 /* NSViewController+Hook.m */; };
		14F0FDA622ADF20400057093 /* NSView+Hook.m in Sources */ = {isa = PBXBuildFile; fileRef = 14F0FDA522ADF20400057093 /* NSView+Hook.m */; };
		14F0FDC922AF97E200057093 /* NNTextField.m in Sources */ = {isa = PBXBuildFile; fileRef = 14F0FDC822AF97E200057093 /* NNTextField.m */; };
		14F0FDCC22AFA48E00057093 /* FirstViewController.m in Sources */ = {isa = PBXBuildFile; fileRef = 14F0FDCB22AFA48E00057093 /* FirstViewController.m */; };
		14F0FDD022AFA56900057093 /* OneWindowController.m in Sources */ = {isa = PBXBuildFile; fileRef = 14F0FDCE22AFA56900057093 /* OneWindowController.m */; };
		14F0FDE322B082AD00057093 /* NNTableView.m in Sources */ = {isa = PBXBuildFile; fileRef = 14F0FDE222B082AD00057093 /* NNTableView.m */; };
		14F0FDE922B084EC00057093 /* NSTableView+Hook.m in Sources */ = {isa = PBXBuildFile; fileRef = 14F0FDE822B084EC00057093 /* NSTableView+Hook.m */; };
		14F2F58422B8707C009D49CE /* NNTextFieldCell.m in Sources */ = {isa = PBXBuildFile; fileRef = 14F2F58322B8707C009D49CE /* NNTextFieldCell.m */; };
		14F2F58D22B881C4009D49CE /* NSTextFieldCell+Hook.m in Sources */ = {isa = PBXBuildFile; fileRef = 14F2F58C22B881C4009D49CE /* NSTextFieldCell+Hook.m */; };
		14F2F59322B8D826009D49CE /* NNTableRowView.m in Sources */ = {isa = PBXBuildFile; fileRef = 14F2F59222B8D826009D49CE /* NNTableRowView.m */; };
		14F2F59622B8D9A2009D49CE /* MainViewController.m in Sources */ = {isa = PBXBuildFile; fileRef = 14F2F59522B8D9A2009D49CE /* MainViewController.m */; };
		14F2F59922B8DB25009D49CE /* SecondViewController.m in Sources */ = {isa = PBXBuildFile; fileRef = 14F2F59822B8DB25009D49CE /* SecondViewController.m */; };
		14F2F59D22B8DB3D009D49CE /* ThirdViewController.m in Sources */ = {isa = PBXBuildFile; fileRef = 14F2F59B22B8DB3D009D49CE /* ThirdViewController.m */; };
		14F2F5A522B8E147009D49CE /* NNTabViewController.m in Sources */ = {isa = PBXBuildFile; fileRef = 14F2F5A322B8E147009D49CE /* NNTabViewController.m */; };
		14F2F5AC22B8FD18009D49CE /* CollectionViewController.m in Sources */ = {isa = PBXBuildFile; fileRef = 14F2F5AB22B8FD18009D49CE /* CollectionViewController.m */; };
		14F2F5B122B8FEE5009D49CE /* NSCTViewItemOne.m in Sources */ = {isa = PBXBuildFile; fileRef = 14F2F5AF22B8FEE5009D49CE /* NSCTViewItemOne.m */; };
		14F2F5B522B8FF98009D49CE /* NNCollectionView.m in Sources */ = {isa = PBXBuildFile; fileRef = 14F2F5B422B8FF98009D49CE /* NNCollectionView.m */; };
		14F2F5BD22B90109009D49CE /* NSCTViewCellOne.m in Sources */ = {isa = PBXBuildFile; fileRef = 14F2F5BC22B90109009D49CE /* NSCTViewCellOne.m */; };
		14F92BDE22B9E75100A5C5E4 /* NNDialogWindowController.m in Sources */ = {isa = PBXBuildFile; fileRef = 14F92BDC22B9E75100A5C5E4 /* NNDialogWindowController.m */; };
		14F92BE622BA124E00A5C5E4 /* MainWindowController.m in Sources */ = {isa = PBXBuildFile; fileRef = 14F92BE422BA124E00A5C5E4 /* MainWindowController.m */; };
		14F92BEA22BA17B200A5C5E4 /* DialogViewController.m in Sources */ = {isa = PBXBuildFile; fileRef = 14F92BE922BA17B200A5C5E4 /* DialogViewController.m */; };
		14F92BF622BB13E900A5C5E4 /* NSObject+Helper.m in Sources */ = {isa = PBXBuildFile; fileRef = 14F92BF522BB13E900A5C5E4 /* NSObject+Helper.m */; };
		14F92C0A22BB1AC700A5C5E4 /* NNAttStringKey.m in Sources */ = {isa = PBXBuildFile; fileRef = 14F92C0122BB1AC700A5C5E4 /* NNAttStringKey.m */; };
		14F92C0B22BB1AC700A5C5E4 /* Media.xcassets in Resources */ = {isa = PBXBuildFile; fileRef = 14F92C0522BB1AC700A5C5E4 /* Media.xcassets */; };
		14F92C0C22BB1AC700A5C5E4 /* NNGeneralConst.m in Sources */ = {isa = PBXBuildFile; fileRef = 14F92C0822BB1AC700A5C5E4 /* NNGeneralConst.m */; };
		14F92C1522BB3ADC00A5C5E4 /* AppDelegate+Menu.m in Sources */ = {isa = PBXBuildFile; fileRef = 14F92C1422BB3ADC00A5C5E4 /* AppDelegate+Menu.m */; };
		14F92C1822BB611600A5C5E4 /* NNTextView.m in Sources */ = {isa = PBXBuildFile; fileRef = 14F92C1722BB611600A5C5E4 /* NNTextView.m */; };
		14F92C1B22BB6F3400A5C5E4 /* NNLabel.m in Sources */ = {isa = PBXBuildFile; fileRef = 14F92C1A22BB6F3400A5C5E4 /* NNLabel.m */; };
		14F92C1E22BB768400A5C5E4 /* appinfo.txt in Resources */ = {isa = PBXBuildFile; fileRef = 14F92C1D22BB768400A5C5E4 /* appinfo.txt */; };
		14F92C4122BB8DE800A5C5E4 /* ESJsonFormatManager.m in Sources */ = {isa = PBXBuildFile; fileRef = 14F92C3822BB8DE800A5C5E4 /* ESJsonFormatManager.m */; };
		14F92C4222BB8DE800A5C5E4 /* ESJsonFormat.m in Sources */ = {isa = PBXBuildFile; fileRef = 14F92C3922BB8DE800A5C5E4 /* ESJsonFormat.m */; };
		14F92C4D22BB8E0900A5C5E4 /* ESFormatInfo.m in Sources */ = {isa = PBXBuildFile; fileRef = 14F92C4522BB8E0800A5C5E4 /* ESFormatInfo.m */; };
		14F92C4E22BB8E0900A5C5E4 /* DataModel.m in Sources */ = {isa = PBXBuildFile; fileRef = 14F92C4722BB8E0800A5C5E4 /* DataModel.m */; };
		14F92C4F22BB8E0900A5C5E4 /* ESPbxprojInfo.m in Sources */ = {isa = PBXBuildFile; fileRef = 14F92C4822BB8E0800A5C5E4 /* ESPbxprojInfo.m */; };
		14F92C5022BB8E0900A5C5E4 /* ESPair.m in Sources */ = {isa = PBXBuildFile; fileRef = 14F92C4922BB8E0800A5C5E4 /* ESPair.m */; };
		14F92C5122BB8E0900A5C5E4 /* ESClassInfo.m in Sources */ = {isa = PBXBuildFile; fileRef = 14F92C4C22BB8E0900A5C5E4 /* ESClassInfo.m */; };
		14F92C5422BB925F00A5C5E4 /* ESJsonFormatSetting.m in Sources */ = {isa = PBXBuildFile; fileRef = 14F92C5222BB925F00A5C5E4 /* ESJsonFormatSetting.m */; };
		14F92C5622BB93EB00A5C5E4 /* DataModelsTemplate.txt in Resources */ = {isa = PBXBuildFile; fileRef = 14F92C5522BB93EA00A5C5E4 /* DataModelsTemplate.txt */; };
		14F92C5922BB951700A5C5E4 /* FileManager.m in Sources */ = {isa = PBXBuildFile; fileRef = 14F92C5822BB951700A5C5E4 /* FileManager.m */; };
		14F92CF622BC6E6C00A5C5E4 /* NoodleLineNumberMarker.m in Sources */ = {isa = PBXBuildFile; fileRef = 14F92CF322BC6E6C00A5C5E4 /* NoodleLineNumberMarker.m */; };
		14F92CF722BC6E6C00A5C5E4 /* NoodleLineNumberView.m in Sources */ = {isa = PBXBuildFile; fileRef = 14F92CF422BC6E6C00A5C5E4 /* NoodleLineNumberView.m */; };
/* End PBXBuildFile section */

/* Begin PBXFileReference section */
		140D292D2317E8C200867785 /* QuartzCore.framework */ = {isa = PBXFileReference; lastKnownFileType = wrapper.framework; name = QuartzCore.framework; path = System/Library/Frameworks/QuartzCore.framework; sourceTree = SDKROOT; };
		140D294E23189D9600867785 /* Photos.framework */ = {isa = PBXFileReference; lastKnownFileType = wrapper.framework; name = Photos.framework; path = System/Library/Frameworks/Photos.framework; sourceTree = SDKROOT; };
		14132976238559CE00E7AFCA /* NSTestViewController.h */ = {isa = PBXFileReference; lastKnownFileType = sourcecode.c.h; path = NSTestViewController.h; sourceTree = "<group>"; };
		14132977238559CE00E7AFCA /* NSTestViewController.m */ = {isa = PBXFileReference; lastKnownFileType = sourcecode.c.objc; path = NSTestViewController.m; sourceTree = "<group>"; };
		144577FE22BCF50E0007C7B3 /* Const.h */ = {isa = PBXFileReference; lastKnownFileType = sourcecode.c.h; path = Const.h; sourceTree = "<group>"; };
		144577FF22BCF50E0007C7B3 /* Const.m */ = {isa = PBXFileReference; lastKnownFileType = sourcecode.c.objc; path = Const.m; sourceTree = "<group>"; };
		1445780222BDDAF90007C7B3 /* Swift-HandyJSON.json */ = {isa = PBXFileReference; fileEncoding = 4; lastKnownFileType = text.json; path = "Swift-HandyJSON.json"; sourceTree = "<group>"; };
		1445780422BDDB540007C7B3 /* ObjC-YYModel.json */ = {isa = PBXFileReference; fileEncoding = 4; lastKnownFileType = text.json; path = "ObjC-YYModel.json"; sourceTree = "<group>"; };
		1445780D22BDF0520007C7B3 /* NNLanguageModel.h */ = {isa = PBXFileReference; fileEncoding = 4; lastKnownFileType = sourcecode.c.h; path = NNLanguageModel.h; sourceTree = "<group>"; };
		1445780E22BDF0520007C7B3 /* NNLanguageModel.m */ = {isa = PBXFileReference; fileEncoding = 4; lastKnownFileType = sourcecode.c.objc; path = NNLanguageModel.m; sourceTree = "<group>"; };
		1445782622C1CABA0007C7B3 /* NNHeaderView.h */ = {isa = PBXFileReference; lastKnownFileType = sourcecode.c.h; path = NNHeaderView.h; sourceTree = "<group>"; };
		1445782822C1CDC90007C7B3 /* NSTableCellViewTen.h */ = {isa = PBXFileReference; lastKnownFileType = sourcecode.c.h; path = NSTableCellViewTen.h; sourceTree = "<group>"; };
		1445782922C1CDC90007C7B3 /* NSTableCellViewTen.m */ = {isa = PBXFileReference; lastKnownFileType = sourcecode.c.objc; path = NSTableCellViewTen.m; sourceTree = "<group>"; };
		1445783922C1FFE20007C7B3 /* NNClassInfoModel.h */ = {isa = PBXFileReference; lastKnownFileType = sourcecode.c.h; path = NNClassInfoModel.h; sourceTree = "<group>"; };
		1445783A22C1FFE20007C7B3 /* NNClassInfoModel.m */ = {isa = PBXFileReference; lastKnownFileType = sourcecode.c.objc; path = NNClassInfoModel.m; sourceTree = "<group>"; };
		1445783C22C2FDCD0007C7B3 /* NNTextViewContoller.h */ = {isa = PBXFileReference; lastKnownFileType = sourcecode.c.h; path = NNTextViewContoller.h; sourceTree = "<group>"; };
		1445783D22C2FDCD0007C7B3 /* NNTextViewContoller.m */ = {isa = PBXFileReference; lastKnownFileType = sourcecode.c.objc; path = NNTextViewContoller.m; sourceTree = "<group>"; };
		14627D9C23C863DD00FE9918 /* BatchVCCreateController.swift */ = {isa = PBXFileReference; lastKnownFileType = sourcecode.swift; path = BatchVCCreateController.swift; sourceTree = "<group>"; };
		14627D9E23C863F200FE9918 /* BatchAPICreateController.swift */ = {isa = PBXFileReference; lastKnownFileType = sourcecode.swift; path = BatchAPICreateController.swift; sourceTree = "<group>"; };
		1480B0D6238CB8F000E24BDB /* Skull.jpg */ = {isa = PBXFileReference; lastKnownFileType = image.jpeg; path = Skull.jpg; sourceTree = "<group>"; };
		1480B0D8238CBDC200E24BDB /* NSStackViewController.swift */ = {isa = PBXFileReference; fileEncoding = 4; lastKnownFileType = sourcecode.swift; path = NSStackViewController.swift; sourceTree = "<group>"; };
		1480B0E2238CC63900E24BDB /* MapViewController.swift */ = {isa = PBXFileReference; lastKnownFileType = sourcecode.swift; path = MapViewController.swift; sourceTree = "<group>"; };
		1480B0E4238CC90F00E24BDB /* MapKit.framework */ = {isa = PBXFileReference; lastKnownFileType = wrapper.framework; name = MapKit.framework; path = System/Library/Frameworks/MapKit.framework; sourceTree = SDKROOT; };
		1480B0E6238CC91F00E24BDB /* CoreLocation.framework */ = {isa = PBXFileReference; lastKnownFileType = wrapper.framework; name = CoreLocation.framework; path = System/Library/Frameworks/CoreLocation.framework; sourceTree = SDKROOT; };
		1480B0E8238CC94000E24BDB /* MKMapView+Helper.swift */ = {isa = PBXFileReference; fileEncoding = 4; lastKnownFileType = sourcecode.swift; path = "MKMapView+Helper.swift"; sourceTree = "<group>"; };
		1480B0EC238CED7200E24BDB /* NNSwitchThumbView.swift */ = {isa = PBXFileReference; fileEncoding = 4; lastKnownFileType = sourcecode.swift; path = NNSwitchThumbView.swift; sourceTree = "<group>"; };
		1480B0ED238CED7200E24BDB /* NNSwitch.swift */ = {isa = PBXFileReference; fileEncoding = 4; lastKnownFileType = sourcecode.swift; path = NNSwitch.swift; sourceTree = "<group>"; };
		1480B0F0238CEF7800E24BDB /* NNSwitchView.swift */ = {isa = PBXFileReference; lastKnownFileType = sourcecode.swift; path = NNSwitchView.swift; sourceTree = "<group>"; };
		1480B0F2238D172700E24BDB /* FileController.swift */ = {isa = PBXFileReference; lastKnownFileType = sourcecode.swift; path = FileController.swift; sourceTree = "<group>"; };
		1480B0F4238D2D7000E24BDB /* THML5常用控件总结.txt */ = {isa = PBXFileReference; fileEncoding = 4; lastKnownFileType = text; path = "THML5常用控件总结.txt"; sourceTree = "<group>"; };
		1482F71322AB8BD400A7C5E1 /* MacTemplet.app */ = {isa = PBXFileReference; explicitFileType = wrapper.application; includeInIndex = 0; path = MacTemplet.app; sourceTree = BUILT_PRODUCTS_DIR; };
		1482F71622AB8BD400A7C5E1 /* AppDelegate.h */ = {isa = PBXFileReference; lastKnownFileType = sourcecode.c.h; path = AppDelegate.h; sourceTree = "<group>"; };
		1482F71722AB8BD400A7C5E1 /* AppDelegate.m */ = {isa = PBXFileReference; lastKnownFileType = sourcecode.c.objc; path = AppDelegate.m; sourceTree = "<group>"; };
		1482F71922AB8BD500A7C5E1 /* Assets.xcassets */ = {isa = PBXFileReference; lastKnownFileType = folder.assetcatalog; path = Assets.xcassets; sourceTree = "<group>"; };
		1482F71E22AB8BD500A7C5E1 /* Info.plist */ = {isa = PBXFileReference; lastKnownFileType = text.plist.xml; path = Info.plist; sourceTree = "<group>"; };
		1482F71F22AB8BD500A7C5E1 /* main.m */ = {isa = PBXFileReference; lastKnownFileType = sourcecode.c.objc; path = main.m; sourceTree = "<group>"; };
		1482F72122AB8BD500A7C5E1 /* MacTemplet.entitlements */ = {isa = PBXFileReference; lastKnownFileType = text.plist.entitlements; path = MacTemplet.entitlements; sourceTree = "<group>"; };
		1482F72722AB8EC600A7C5E1 /* PrefixHeader.pch */ = {isa = PBXFileReference; lastKnownFileType = sourcecode.c.h; path = PrefixHeader.pch; sourceTree = "<group>"; };
		1482F85622AB9C2E00A7C5E1 /* TableViewController.h */ = {isa = PBXFileReference; lastKnownFileType = sourcecode.c.h; path = TableViewController.h; sourceTree = "<group>"; };
		1482F85722AB9C2E00A7C5E1 /* TableViewController.m */ = {isa = PBXFileReference; lastKnownFileType = sourcecode.c.objc; path = TableViewController.m; sourceTree = "<group>"; };
		1482F85E22ABA55F00A7C5E1 /* NNView.h */ = {isa = PBXFileReference; lastKnownFileType = sourcecode.c.h; path = NNView.h; sourceTree = "<group>"; };
		1482F85F22ABA55F00A7C5E1 /* NNView.m */ = {isa = PBXFileReference; lastKnownFileType = sourcecode.c.objc; path = NNView.m; sourceTree = "<group>"; };
		14A63DB823AB83D90015725A /* NNTableViewController.swift */ = {isa = PBXFileReference; lastKnownFileType = sourcecode.swift; path = NNTableViewController.swift; sourceTree = "<group>"; };
		14A63DBB23AC63910015725A /* NSTableCellViewOne.swift */ = {isa = PBXFileReference; lastKnownFileType = sourcecode.swift; path = NSTableCellViewOne.swift; sourceTree = "<group>"; };
		14ADE20B23C87B4400037B0B /* NNCopyRightModel.swift */ = {isa = PBXFileReference; lastKnownFileType = sourcecode.swift; path = NNCopyRightModel.swift; sourceTree = "<group>"; };
		14ADE20D23C881FA00037B0B /* NNViewControllerModel.swift */ = {isa = PBXFileReference; lastKnownFileType = sourcecode.swift; path = NNViewControllerModel.swift; sourceTree = "<group>"; };
		14C0625423878FC60016EC8A /* TmpViewController.swift */ = {isa = PBXFileReference; fileEncoding = 4; lastKnownFileType = sourcecode.swift; path = TmpViewController.swift; sourceTree = "<group>"; };
		14D40A0422C3884900AF74B9 /* ProppertyLazyController.h */ = {isa = PBXFileReference; lastKnownFileType = sourcecode.c.h; path = ProppertyLazyController.h; sourceTree = "<group>"; };
		14D40A0522C3884900AF74B9 /* ProppertyLazyController.m */ = {isa = PBXFileReference; lastKnownFileType = sourcecode.c.objc; path = ProppertyLazyController.m; sourceTree = "<group>"; };
		14D40A0722C449B300AF74B9 /* NNPropertyInfoModel.h */ = {isa = PBXFileReference; lastKnownFileType = sourcecode.c.h; path = NNPropertyInfoModel.h; sourceTree = "<group>"; };
		14D40A0822C449B300AF74B9 /* NNPropertyInfoModel.m */ = {isa = PBXFileReference; lastKnownFileType = sourcecode.c.objc; path = NNPropertyInfoModel.m; sourceTree = "<group>"; };
		14D40A0A22C462E200AF74B9 /* HomeViewController.h */ = {isa = PBXFileReference; lastKnownFileType = sourcecode.c.h; path = HomeViewController.h; sourceTree = "<group>"; };
		14D40A0B22C462E200AF74B9 /* HomeViewController.m */ = {isa = PBXFileReference; lastKnownFileType = sourcecode.c.objc; path = HomeViewController.m; sourceTree = "<group>"; };
		14D40A0D22C4983C00AF74B9 /* NNButton.h */ = {isa = PBXFileReference; lastKnownFileType = sourcecode.c.h; path = NNButton.h; sourceTree = "<group>"; };
		14D40A0E22C4983C00AF74B9 /* NNButton.m */ = {isa = PBXFileReference; lastKnownFileType = sourcecode.c.objc; path = NNButton.m; sourceTree = "<group>"; };
		14D40A1022C4A6DA00AF74B9 /* AuthorInfoController.h */ = {isa = PBXFileReference; lastKnownFileType = sourcecode.c.h; path = AuthorInfoController.h; sourceTree = "<group>"; };
		14D40A1122C4A6DA00AF74B9 /* AuthorInfoController.m */ = {isa = PBXFileReference; lastKnownFileType = sourcecode.c.objc; path = AuthorInfoController.m; sourceTree = "<group>"; };
		14F08BCA2303BC1800B75842 /* JsonToModelController.h */ = {isa = PBXFileReference; lastKnownFileType = sourcecode.c.h; path = JsonToModelController.h; sourceTree = "<group>"; };
		14F08BCB2303BC1800B75842 /* JsonToModelController.m */ = {isa = PBXFileReference; lastKnownFileType = sourcecode.c.objc; path = JsonToModelController.m; sourceTree = "<group>"; };
		14F0FD9E22ADF12C00057093 /* NSObject+Hook.m */ = {isa = PBXFileReference; fileEncoding = 4; lastKnownFileType = sourcecode.c.objc; path = "NSObject+Hook.m"; sourceTree = "<group>"; };
		14F0FD9F22ADF12C00057093 /* NSObject+Hook.h */ = {isa = PBXFileReference; fileEncoding = 4; lastKnownFileType = sourcecode.c.h; path = "NSObject+Hook.h"; sourceTree = "<group>"; };
		14F0FDA122ADF14100057093 /* NSViewController+Hook.h */ = {isa = PBXFileReference; lastKnownFileType = sourcecode.c.h; path = "NSViewController+Hook.h"; sourceTree = "<group>"; };
		14F0FDA222ADF14100057093 /* NSViewController+Hook.m */ = {isa = PBXFileReference; lastKnownFileType = sourcecode.c.objc; path = "NSViewController+Hook.m"; sourceTree = "<group>"; };
		14F0FDA422ADF20400057093 /* NSView+Hook.h */ = {isa = PBXFileReference; lastKnownFileType = sourcecode.c.h; path = "NSView+Hook.h"; sourceTree = "<group>"; };
		14F0FDA522ADF20400057093 /* NSView+Hook.m */ = {isa = PBXFileReference; lastKnownFileType = sourcecode.c.objc; path = "NSView+Hook.m"; sourceTree = "<group>"; };
		14F0FDBA22AE68F300057093 /* MacExpand.h */ = {isa = PBXFileReference; lastKnownFileType = sourcecode.c.h; path = MacExpand.h; sourceTree = "<group>"; };
		14F0FDC722AF97E200057093 /* NNTextField.h */ = {isa = PBXFileReference; lastKnownFileType = sourcecode.c.h; path = NNTextField.h; sourceTree = "<group>"; };
		14F0FDC822AF97E200057093 /* NNTextField.m */ = {isa = PBXFileReference; lastKnownFileType = sourcecode.c.objc; path = NNTextField.m; sourceTree = "<group>"; };
		14F0FDCA22AFA48E00057093 /* FirstViewController.h */ = {isa = PBXFileReference; lastKnownFileType = sourcecode.c.h; path = FirstViewController.h; sourceTree = "<group>"; };
		14F0FDCB22AFA48E00057093 /* FirstViewController.m */ = {isa = PBXFileReference; lastKnownFileType = sourcecode.c.objc; path = FirstViewController.m; sourceTree = "<group>"; };
		14F0FDCD22AFA56900057093 /* OneWindowController.h */ = {isa = PBXFileReference; lastKnownFileType = sourcecode.c.h; path = OneWindowController.h; sourceTree = "<group>"; };
		14F0FDCE22AFA56900057093 /* OneWindowController.m */ = {isa = PBXFileReference; lastKnownFileType = sourcecode.c.objc; path = OneWindowController.m; sourceTree = "<group>"; };
		14F0FDE122B082AD00057093 /* NNTableView.h */ = {isa = PBXFileReference; lastKnownFileType = sourcecode.c.h; path = NNTableView.h; sourceTree = "<group>"; };
		14F0FDE222B082AD00057093 /* NNTableView.m */ = {isa = PBXFileReference; lastKnownFileType = sourcecode.c.objc; path = NNTableView.m; sourceTree = "<group>"; };
		14F0FDE722B084EC00057093 /* NSTableView+Hook.h */ = {isa = PBXFileReference; lastKnownFileType = sourcecode.c.h; path = "NSTableView+Hook.h"; sourceTree = "<group>"; };
		14F0FDE822B084EC00057093 /* NSTableView+Hook.m */ = {isa = PBXFileReference; lastKnownFileType = sourcecode.c.objc; path = "NSTableView+Hook.m"; sourceTree = "<group>"; };
		14F2F55C22B77DDE009D49CE /* MacTemplet-Bridging-Header.h */ = {isa = PBXFileReference; lastKnownFileType = sourcecode.c.h; path = "MacTemplet-Bridging-Header.h"; sourceTree = "<group>"; };
		14F2F58222B8707C009D49CE /* NNTextFieldCell.h */ = {isa = PBXFileReference; lastKnownFileType = sourcecode.c.h; path = NNTextFieldCell.h; sourceTree = "<group>"; };
		14F2F58322B8707C009D49CE /* NNTextFieldCell.m */ = {isa = PBXFileReference; lastKnownFileType = sourcecode.c.objc; path = NNTextFieldCell.m; sourceTree = "<group>"; };
		14F2F58B22B881C4009D49CE /* NSTextFieldCell+Hook.h */ = {isa = PBXFileReference; lastKnownFileType = sourcecode.c.h; path = "NSTextFieldCell+Hook.h"; sourceTree = "<group>"; };
		14F2F58C22B881C4009D49CE /* NSTextFieldCell+Hook.m */ = {isa = PBXFileReference; lastKnownFileType = sourcecode.c.objc; path = "NSTextFieldCell+Hook.m"; sourceTree = "<group>"; };
		14F2F59122B8D826009D49CE /* NNTableRowView.h */ = {isa = PBXFileReference; lastKnownFileType = sourcecode.c.h; path = NNTableRowView.h; sourceTree = "<group>"; };
		14F2F59222B8D826009D49CE /* NNTableRowView.m */ = {isa = PBXFileReference; lastKnownFileType = sourcecode.c.objc; path = NNTableRowView.m; sourceTree = "<group>"; };
		14F2F59422B8D9A2009D49CE /* MainViewController.h */ = {isa = PBXFileReference; lastKnownFileType = sourcecode.c.h; path = MainViewController.h; sourceTree = "<group>"; };
		14F2F59522B8D9A2009D49CE /* MainViewController.m */ = {isa = PBXFileReference; lastKnownFileType = sourcecode.c.objc; path = MainViewController.m; sourceTree = "<group>"; };
		14F2F59722B8DB25009D49CE /* SecondViewController.h */ = {isa = PBXFileReference; lastKnownFileType = sourcecode.c.h; path = SecondViewController.h; sourceTree = "<group>"; };
		14F2F59822B8DB25009D49CE /* SecondViewController.m */ = {isa = PBXFileReference; lastKnownFileType = sourcecode.c.objc; path = SecondViewController.m; sourceTree = "<group>"; };
		14F2F59A22B8DB3D009D49CE /* ThirdViewController.h */ = {isa = PBXFileReference; lastKnownFileType = sourcecode.c.h; path = ThirdViewController.h; sourceTree = "<group>"; };
		14F2F59B22B8DB3D009D49CE /* ThirdViewController.m */ = {isa = PBXFileReference; lastKnownFileType = sourcecode.c.objc; path = ThirdViewController.m; sourceTree = "<group>"; };
		14F2F5A222B8E147009D49CE /* NNTabViewController.h */ = {isa = PBXFileReference; lastKnownFileType = sourcecode.c.h; path = NNTabViewController.h; sourceTree = "<group>"; };
		14F2F5A322B8E147009D49CE /* NNTabViewController.m */ = {isa = PBXFileReference; lastKnownFileType = sourcecode.c.objc; path = NNTabViewController.m; sourceTree = "<group>"; };
		14F2F5AA22B8FD18009D49CE /* CollectionViewController.h */ = {isa = PBXFileReference; lastKnownFileType = sourcecode.c.h; path = CollectionViewController.h; sourceTree = "<group>"; };
		14F2F5AB22B8FD18009D49CE /* CollectionViewController.m */ = {isa = PBXFileReference; lastKnownFileType = sourcecode.c.objc; path = CollectionViewController.m; sourceTree = "<group>"; };
		14F2F5AE22B8FEE5009D49CE /* NSCTViewItemOne.h */ = {isa = PBXFileReference; lastKnownFileType = sourcecode.c.h; path = NSCTViewItemOne.h; sourceTree = "<group>"; };
		14F2F5AF22B8FEE5009D49CE /* NSCTViewItemOne.m */ = {isa = PBXFileReference; lastKnownFileType = sourcecode.c.objc; path = NSCTViewItemOne.m; sourceTree = "<group>"; };
		14F2F5B322B8FF98009D49CE /* NNCollectionView.h */ = {isa = PBXFileReference; lastKnownFileType = sourcecode.c.h; path = NNCollectionView.h; sourceTree = "<group>"; };
		14F2F5B422B8FF98009D49CE /* NNCollectionView.m */ = {isa = PBXFileReference; lastKnownFileType = sourcecode.c.objc; path = NNCollectionView.m; sourceTree = "<group>"; };
		14F2F5BB22B90109009D49CE /* NSCTViewCellOne.h */ = {isa = PBXFileReference; lastKnownFileType = sourcecode.c.h; path = NSCTViewCellOne.h; sourceTree = "<group>"; };
		14F2F5BC22B90109009D49CE /* NSCTViewCellOne.m */ = {isa = PBXFileReference; lastKnownFileType = sourcecode.c.objc; path = NSCTViewCellOne.m; sourceTree = "<group>"; };
		14F92BDB22B9E75100A5C5E4 /* NNDialogWindowController.h */ = {isa = PBXFileReference; lastKnownFileType = sourcecode.c.h; path = NNDialogWindowController.h; sourceTree = "<group>"; };
		14F92BDC22B9E75100A5C5E4 /* NNDialogWindowController.m */ = {isa = PBXFileReference; lastKnownFileType = sourcecode.c.objc; path = NNDialogWindowController.m; sourceTree = "<group>"; };
		14F92BE322BA124E00A5C5E4 /* MainWindowController.h */ = {isa = PBXFileReference; lastKnownFileType = sourcecode.c.h; path = MainWindowController.h; sourceTree = "<group>"; };
		14F92BE422BA124E00A5C5E4 /* MainWindowController.m */ = {isa = PBXFileReference; lastKnownFileType = sourcecode.c.objc; path = MainWindowController.m; sourceTree = "<group>"; };
		14F92BE822BA17B200A5C5E4 /* DialogViewController.h */ = {isa = PBXFileReference; lastKnownFileType = sourcecode.c.h; path = DialogViewController.h; sourceTree = "<group>"; };
		14F92BE922BA17B200A5C5E4 /* DialogViewController.m */ = {isa = PBXFileReference; lastKnownFileType = sourcecode.c.objc; path = DialogViewController.m; sourceTree = "<group>"; };
		14F92BF422BB13E900A5C5E4 /* NSObject+Helper.h */ = {isa = PBXFileReference; lastKnownFileType = sourcecode.c.h; path = "NSObject+Helper.h"; sourceTree = "<group>"; };
		14F92BF522BB13E900A5C5E4 /* NSObject+Helper.m */ = {isa = PBXFileReference; lastKnownFileType = sourcecode.c.objc; path = "NSObject+Helper.m"; sourceTree = "<group>"; };
		14F92C0122BB1AC700A5C5E4 /* NNAttStringKey.m */ = {isa = PBXFileReference; fileEncoding = 4; lastKnownFileType = sourcecode.c.objc; path = NNAttStringKey.m; sourceTree = "<group>"; };
		14F92C0222BB1AC700A5C5E4 /* NNGeneralConst.h */ = {isa = PBXFileReference; fileEncoding = 4; lastKnownFileType = sourcecode.c.h; path = NNGeneralConst.h; sourceTree = "<group>"; };
		14F92C0322BB1AC700A5C5E4 /* NNMarco.h */ = {isa = PBXFileReference; fileEncoding = 4; lastKnownFileType = sourcecode.c.h; path = NNMarco.h; sourceTree = "<group>"; };
		14F92C0522BB1AC700A5C5E4 /* Media.xcassets */ = {isa = PBXFileReference; lastKnownFileType = folder.assetcatalog; path = Media.xcassets; sourceTree = "<group>"; };
		14F92C0622BB1AC700A5C5E4 /* NNShared.h */ = {isa = PBXFileReference; fileEncoding = 4; lastKnownFileType = sourcecode.c.h; path = NNShared.h; sourceTree = "<group>"; };
		14F92C0722BB1AC700A5C5E4 /* NNAttStringKey.h */ = {isa = PBXFileReference; fileEncoding = 4; lastKnownFileType = sourcecode.c.h; path = NNAttStringKey.h; sourceTree = "<group>"; };
		14F92C0822BB1AC700A5C5E4 /* NNGeneralConst.m */ = {isa = PBXFileReference; fileEncoding = 4; lastKnownFileType = sourcecode.c.objc; path = NNGeneralConst.m; sourceTree = "<group>"; };
		14F92C0922BB1AC700A5C5E4 /* NNGloble.h */ = {isa = PBXFileReference; fileEncoding = 4; lastKnownFileType = sourcecode.c.h; path = NNGloble.h; sourceTree = "<group>"; };
		14F92C1322BB3ADC00A5C5E4 /* AppDelegate+Menu.h */ = {isa = PBXFileReference; lastKnownFileType = sourcecode.c.h; path = "AppDelegate+Menu.h"; sourceTree = "<group>"; };
		14F92C1422BB3ADC00A5C5E4 /* AppDelegate+Menu.m */ = {isa = PBXFileReference; lastKnownFileType = sourcecode.c.objc; path = "AppDelegate+Menu.m"; sourceTree = "<group>"; };
		14F92C1622BB611600A5C5E4 /* NNTextView.h */ = {isa = PBXFileReference; lastKnownFileType = sourcecode.c.h; path = NNTextView.h; sourceTree = "<group>"; };
		14F92C1722BB611600A5C5E4 /* NNTextView.m */ = {isa = PBXFileReference; lastKnownFileType = sourcecode.c.objc; path = NNTextView.m; sourceTree = "<group>"; };
		14F92C1922BB6F3400A5C5E4 /* NNLabel.h */ = {isa = PBXFileReference; lastKnownFileType = sourcecode.c.h; path = NNLabel.h; sourceTree = "<group>"; };
		14F92C1A22BB6F3400A5C5E4 /* NNLabel.m */ = {isa = PBXFileReference; lastKnownFileType = sourcecode.c.objc; path = NNLabel.m; sourceTree = "<group>"; };
		14F92C1D22BB768400A5C5E4 /* appinfo.txt */ = {isa = PBXFileReference; fileEncoding = 4; lastKnownFileType = text; path = appinfo.txt; sourceTree = "<group>"; };
		14F92C3622BB8DE800A5C5E4 /* ESJsonFormat.h */ = {isa = PBXFileReference; fileEncoding = 4; lastKnownFileType = sourcecode.c.h; path = ESJsonFormat.h; sourceTree = "<group>"; };
		14F92C3722BB8DE800A5C5E4 /* ESJsonFormatManager.h */ = {isa = PBXFileReference; fileEncoding = 4; lastKnownFileType = sourcecode.c.h; path = ESJsonFormatManager.h; sourceTree = "<group>"; };
		14F92C3822BB8DE800A5C5E4 /* ESJsonFormatManager.m */ = {isa = PBXFileReference; fileEncoding = 4; lastKnownFileType = sourcecode.c.objc; path = ESJsonFormatManager.m; sourceTree = "<group>"; };
		14F92C3922BB8DE800A5C5E4 /* ESJsonFormat.m */ = {isa = PBXFileReference; fileEncoding = 4; lastKnownFileType = sourcecode.c.objc; path = ESJsonFormat.m; sourceTree = "<group>"; };
		14F92C4322BB8E0800A5C5E4 /* DataModel.h */ = {isa = PBXFileReference; fileEncoding = 4; lastKnownFileType = sourcecode.c.h; path = DataModel.h; sourceTree = "<group>"; };
		14F92C4422BB8E0800A5C5E4 /* ESClassInfo.h */ = {isa = PBXFileReference; fileEncoding = 4; lastKnownFileType = sourcecode.c.h; path = ESClassInfo.h; sourceTree = "<group>"; };
		14F92C4522BB8E0800A5C5E4 /* ESFormatInfo.m */ = {isa = PBXFileReference; fileEncoding = 4; lastKnownFileType = sourcecode.c.objc; path = ESFormatInfo.m; sourceTree = "<group>"; };
		14F92C4622BB8E0800A5C5E4 /* ESPair.h */ = {isa = PBXFileReference; fileEncoding = 4; lastKnownFileType = sourcecode.c.h; path = ESPair.h; sourceTree = "<group>"; };
		14F92C4722BB8E0800A5C5E4 /* DataModel.m */ = {isa = PBXFileReference; fileEncoding = 4; lastKnownFileType = sourcecode.c.objc; path = DataModel.m; sourceTree = "<group>"; };
		14F92C4822BB8E0800A5C5E4 /* ESPbxprojInfo.m */ = {isa = PBXFileReference; fileEncoding = 4; lastKnownFileType = sourcecode.c.objc; path = ESPbxprojInfo.m; sourceTree = "<group>"; };
		14F92C4922BB8E0800A5C5E4 /* ESPair.m */ = {isa = PBXFileReference; fileEncoding = 4; lastKnownFileType = sourcecode.c.objc; path = ESPair.m; sourceTree = "<group>"; };
		14F92C4A22BB8E0800A5C5E4 /* ESPbxprojInfo.h */ = {isa = PBXFileReference; fileEncoding = 4; lastKnownFileType = sourcecode.c.h; path = ESPbxprojInfo.h; sourceTree = "<group>"; };
		14F92C4B22BB8E0800A5C5E4 /* ESFormatInfo.h */ = {isa = PBXFileReference; fileEncoding = 4; lastKnownFileType = sourcecode.c.h; path = ESFormatInfo.h; sourceTree = "<group>"; };
		14F92C4C22BB8E0900A5C5E4 /* ESClassInfo.m */ = {isa = PBXFileReference; fileEncoding = 4; lastKnownFileType = sourcecode.c.objc; path = ESClassInfo.m; sourceTree = "<group>"; };
		14F92C5222BB925F00A5C5E4 /* ESJsonFormatSetting.m */ = {isa = PBXFileReference; fileEncoding = 4; lastKnownFileType = sourcecode.c.objc; path = ESJsonFormatSetting.m; sourceTree = "<group>"; };
		14F92C5322BB925F00A5C5E4 /* ESJsonFormatSetting.h */ = {isa = PBXFileReference; fileEncoding = 4; lastKnownFileType = sourcecode.c.h; path = ESJsonFormatSetting.h; sourceTree = "<group>"; };
		14F92C5522BB93EA00A5C5E4 /* DataModelsTemplate.txt */ = {isa = PBXFileReference; fileEncoding = 4; lastKnownFileType = text; path = DataModelsTemplate.txt; sourceTree = "<group>"; };
		14F92C5722BB951700A5C5E4 /* FileManager.h */ = {isa = PBXFileReference; fileEncoding = 4; lastKnownFileType = sourcecode.c.h; path = FileManager.h; sourceTree = "<group>"; };
		14F92C5822BB951700A5C5E4 /* FileManager.m */ = {isa = PBXFileReference; fileEncoding = 4; lastKnownFileType = sourcecode.c.objc; path = FileManager.m; sourceTree = "<group>"; };
		14F92CF222BC6E6B00A5C5E4 /* NoodleLineNumberMarker.h */ = {isa = PBXFileReference; fileEncoding = 4; lastKnownFileType = sourcecode.c.h; path = NoodleLineNumberMarker.h; sourceTree = "<group>"; };
		14F92CF322BC6E6C00A5C5E4 /* NoodleLineNumberMarker.m */ = {isa = PBXFileReference; fileEncoding = 4; lastKnownFileType = sourcecode.c.objc; path = NoodleLineNumberMarker.m; sourceTree = "<group>"; };
		14F92CF422BC6E6C00A5C5E4 /* NoodleLineNumberView.m */ = {isa = PBXFileReference; fileEncoding = 4; lastKnownFileType = sourcecode.c.objc; path = NoodleLineNumberView.m; sourceTree = "<group>"; };
		14F92CF522BC6E6C00A5C5E4 /* NoodleLineNumberView.h */ = {isa = PBXFileReference; fileEncoding = 4; lastKnownFileType = sourcecode.c.h; path = NoodleLineNumberView.h; sourceTree = "<group>"; };
		750F95E0B5C6065D36495336 /* Pods_MacTemplet.framework */ = {isa = PBXFileReference; explicitFileType = wrapper.framework; includeInIndex = 0; path = Pods_MacTemplet.framework; sourceTree = BUILT_PRODUCTS_DIR; };
		76E84CFC8971B07075DAFB1F /* Pods-MacTemplet.debug.xcconfig */ = {isa = PBXFileReference; includeInIndex = 1; lastKnownFileType = text.xcconfig; name = "Pods-MacTemplet.debug.xcconfig"; path = "Target Support Files/Pods-MacTemplet/Pods-MacTemplet.debug.xcconfig"; sourceTree = "<group>"; };
		CA72B7B1C24F23676115F0B0 /* Pods-MacTemplet.release.xcconfig */ = {isa = PBXFileReference; includeInIndex = 1; lastKnownFileType = text.xcconfig; name = "Pods-MacTemplet.release.xcconfig"; path = "Target Support Files/Pods-MacTemplet/Pods-MacTemplet.release.xcconfig"; sourceTree = "<group>"; };
/* End PBXFileReference section */

/* Begin PBXFrameworksBuildPhase section */
		1482F71022AB8BD400A7C5E1 /* Frameworks */ = {
			isa = PBXFrameworksBuildPhase;
			buildActionMask = 2147483647;
			files = (
				140D294F23189D9600867785 /* Photos.framework in Frameworks */,
				1480B0E7238CC91F00E24BDB /* CoreLocation.framework in Frameworks */,
				140D292E2317E8C200867785 /* QuartzCore.framework in Frameworks */,
				1480B0E5238CC90F00E24BDB /* MapKit.framework in Frameworks */,
				070967CF6BBBA408F67F8E13 /* Pods_MacTemplet.framework in Frameworks */,
			);
			runOnlyForDeploymentPostprocessing = 0;
		};
/* End PBXFrameworksBuildPhase section */

/* Begin PBXGroup section */
		018E125E61B7E1C8A8B6176D /* Frameworks */ = {
			isa = PBXGroup;
			children = (
				1480B0E6238CC91F00E24BDB /* CoreLocation.framework */,
				1480B0E4238CC90F00E24BDB /* MapKit.framework */,
				140D294E23189D9600867785 /* Photos.framework */,
				140D292D2317E8C200867785 /* QuartzCore.framework */,
				750F95E0B5C6065D36495336 /* Pods_MacTemplet.framework */,
			);
			name = Frameworks;
			sourceTree = "<group>";
		};
		1445780122BDDAD80007C7B3 /* Languages */ = {
			isa = PBXGroup;
			children = (
				1445780422BDDB540007C7B3 /* ObjC-YYModel.json */,
				1445780222BDDAF90007C7B3 /* Swift-HandyJSON.json */,
			);
			path = Languages;
			sourceTree = "<group>";
		};
		1445782722C1CD6E0007C7B3 /* NNView */ = {
			isa = PBXGroup;
			children = (
				1445782822C1CDC90007C7B3 /* NSTableCellViewTen.h */,
				1445782922C1CDC90007C7B3 /* NSTableCellViewTen.m */,
				14A63DBB23AC63910015725A /* NSTableCellViewOne.swift */,
				1480B0F0238CEF7800E24BDB /* NNSwitchView.swift */,
			);
			path = NNView;
			sourceTree = "<group>";
		};
		1460510E23A367E600C10F34 /* CocoaExtensions */ = {
			isa = PBXGroup;
			children = (
				14F0FDBA22AE68F300057093 /* MacExpand.h */,
				14F0FD9F22ADF12C00057093 /* NSObject+Hook.h */,
				14F0FD9E22ADF12C00057093 /* NSObject+Hook.m */,
				14F92BF422BB13E900A5C5E4 /* NSObject+Helper.h */,
				14F92BF522BB13E900A5C5E4 /* NSObject+Helper.m */,
				14F0FDA422ADF20400057093 /* NSView+Hook.h */,
				14F0FDA522ADF20400057093 /* NSView+Hook.m */,
				14F0FDA122ADF14100057093 /* NSViewController+Hook.h */,
				14F0FDA222ADF14100057093 /* NSViewController+Hook.m */,
				14F0FDE722B084EC00057093 /* NSTableView+Hook.h */,
				14F0FDE822B084EC00057093 /* NSTableView+Hook.m */,
				14F2F58B22B881C4009D49CE /* NSTextFieldCell+Hook.h */,
				14F2F58C22B881C4009D49CE /* NSTextFieldCell+Hook.m */,
			);
			path = CocoaExtensions;
			sourceTree = "<group>";
		};
		1482F70A22AB8BD400A7C5E1 = {
			isa = PBXGroup;
			children = (
				1482F71522AB8BD400A7C5E1 /* MacTemplet */,
				1482F71422AB8BD400A7C5E1 /* Products */,
				2FC3B9408044A2619FB61A13 /* Pods */,
				018E125E61B7E1C8A8B6176D /* Frameworks */,
			);
			sourceTree = "<group>";
		};
		1482F71422AB8BD400A7C5E1 /* Products */ = {
			isa = PBXGroup;
			children = (
				1482F71322AB8BD400A7C5E1 /* MacTemplet.app */,
			);
			name = Products;
			sourceTree = "<group>";
		};
		1482F71522AB8BD400A7C5E1 /* MacTemplet */ = {
			isa = PBXGroup;
			children = (
				14F0EE8822C9AEBA003C3811 /* JsonToModel */,
				1445780122BDDAD80007C7B3 /* Languages */,
				1482F71622AB8BD400A7C5E1 /* AppDelegate.h */,
				1482F71722AB8BD400A7C5E1 /* AppDelegate.m */,
				14F92C1322BB3ADC00A5C5E4 /* AppDelegate+Menu.h */,
				14F92C1422BB3ADC00A5C5E4 /* AppDelegate+Menu.m */,
				14D40A0A22C462E200AF74B9 /* HomeViewController.h */,
				14D40A0B22C462E200AF74B9 /* HomeViewController.m */,
				14F92BE322BA124E00A5C5E4 /* MainWindowController.h */,
				14F92BE422BA124E00A5C5E4 /* MainWindowController.m */,
				14F08BCA2303BC1800B75842 /* JsonToModelController.h */,
				14F08BCB2303BC1800B75842 /* JsonToModelController.m */,
				14D40A0422C3884900AF74B9 /* ProppertyLazyController.h */,
				14D40A0522C3884900AF74B9 /* ProppertyLazyController.m */,
				14D40A1022C4A6DA00AF74B9 /* AuthorInfoController.h */,
				14D40A1122C4A6DA00AF74B9 /* AuthorInfoController.m */,
				14132976238559CE00E7AFCA /* NSTestViewController.h */,
				14132977238559CE00E7AFCA /* NSTestViewController.m */,
				14C0625423878FC60016EC8A /* TmpViewController.swift */,
				1480B0D8238CBDC200E24BDB /* NSStackViewController.swift */,
				14627D9C23C863DD00FE9918 /* BatchVCCreateController.swift */,
				14627D9E23C863F200FE9918 /* BatchAPICreateController.swift */,
				1480B0F2238D172700E24BDB /* FileController.swift */,
				1480B0E2238CC63900E24BDB /* MapViewController.swift */,
				1480B0E8238CC94000E24BDB /* MKMapView+Helper.swift */,
				1460510E23A367E600C10F34 /* CocoaExtensions */,
				14F92C2522BB8DBB00A5C5E4 /* Controller */,
				1445782722C1CD6E0007C7B3 /* NNView */,
				14F2F5AD22B8FEB1009D49CE /* NSCollectionView */,
				14F0FDAA22AE097A00057093 /* NNBaseView */,
				14F92C0022BB1AC700A5C5E4 /* NNGloble */,
				14F2F55F22B78078009D49CE /* Other */,
				14F92C1C22BB766A00A5C5E4 /* Resource */,
			);
			path = MacTemplet;
			sourceTree = "<group>";
		};
		14F0EE8822C9AEBA003C3811 /* JsonToModel */ = {
			isa = PBXGroup;
			children = (
				144577FE22BCF50E0007C7B3 /* Const.h */,
				144577FF22BCF50E0007C7B3 /* Const.m */,
				1445780D22BDF0520007C7B3 /* NNLanguageModel.h */,
				1445780E22BDF0520007C7B3 /* NNLanguageModel.m */,
				1445783922C1FFE20007C7B3 /* NNClassInfoModel.h */,
				1445783A22C1FFE20007C7B3 /* NNClassInfoModel.m */,
				14D40A0722C449B300AF74B9 /* NNPropertyInfoModel.h */,
				14D40A0822C449B300AF74B9 /* NNPropertyInfoModel.m */,
				14ADE20B23C87B4400037B0B /* NNCopyRightModel.swift */,
				14ADE20D23C881FA00037B0B /* NNViewControllerModel.swift */,
				14F92C3522BB8DE800A5C5E4 /* Format */,
				14F92C2622BB8DE500A5C5E4 /* Model */,
			);
			path = JsonToModel;
			sourceTree = "<group>";
		};
		14F0FDAA22AE097A00057093 /* NNBaseView */ = {
			isa = PBXGroup;
			children = (
				1480B0ED238CED7200E24BDB /* NNSwitch.swift */,
				1480B0EC238CED7200E24BDB /* NNSwitchThumbView.swift */,
				1445782622C1CABA0007C7B3 /* NNHeaderView.h */,
				14D40A0D22C4983C00AF74B9 /* NNButton.h */,
				14D40A0E22C4983C00AF74B9 /* NNButton.m */,
				1482F85E22ABA55F00A7C5E1 /* NNView.h */,
				1482F85F22ABA55F00A7C5E1 /* NNView.m */,
				14F0FDE122B082AD00057093 /* NNTableView.h */,
				14F0FDE222B082AD00057093 /* NNTableView.m */,
				14F92C1922BB6F3400A5C5E4 /* NNLabel.h */,
				14F92C1A22BB6F3400A5C5E4 /* NNLabel.m */,
				14F92C1622BB611600A5C5E4 /* NNTextView.h */,
				14F92C1722BB611600A5C5E4 /* NNTextView.m */,
				14F0FDC722AF97E200057093 /* NNTextField.h */,
				14F0FDC822AF97E200057093 /* NNTextField.m */,
				14F2F58222B8707C009D49CE /* NNTextFieldCell.h */,
				14F2F58322B8707C009D49CE /* NNTextFieldCell.m */,
				14F2F59122B8D826009D49CE /* NNTableRowView.h */,
				14F2F59222B8D826009D49CE /* NNTableRowView.m */,
				14F2F5B322B8FF98009D49CE /* NNCollectionView.h */,
				14F2F5B422B8FF98009D49CE /* NNCollectionView.m */,
			);
			path = NNBaseView;
			sourceTree = "<group>";
		};
		14F2F55F22B78078009D49CE /* Other */ = {
			isa = PBXGroup;
			children = (
				14F92CF122BC6E5F00A5C5E4 /* NoodleLineNumber */,
			);
			path = Other;
			sourceTree = "<group>";
		};
		14F2F5AD22B8FEB1009D49CE /* NSCollectionView */ = {
			isa = PBXGroup;
			children = (
				14F2F5AE22B8FEE5009D49CE /* NSCTViewItemOne.h */,
				14F2F5AF22B8FEE5009D49CE /* NSCTViewItemOne.m */,
				14F2F5BB22B90109009D49CE /* NSCTViewCellOne.h */,
				14F2F5BC22B90109009D49CE /* NSCTViewCellOne.m */,
			);
			path = NSCollectionView;
			sourceTree = "<group>";
		};
		14F92C0022BB1AC700A5C5E4 /* NNGloble */ = {
			isa = PBXGroup;
			children = (
				14F92C0922BB1AC700A5C5E4 /* NNGloble.h */,
				14F92C0422BB1AC700A5C5E4 /* Resources */,
				14F92C0322BB1AC700A5C5E4 /* NNMarco.h */,
				14F92C0622BB1AC700A5C5E4 /* NNShared.h */,
				14F92C0722BB1AC700A5C5E4 /* NNAttStringKey.h */,
				14F92C0122BB1AC700A5C5E4 /* NNAttStringKey.m */,
				14F92C0222BB1AC700A5C5E4 /* NNGeneralConst.h */,
				14F92C0822BB1AC700A5C5E4 /* NNGeneralConst.m */,
			);
			path = NNGloble;
			sourceTree = "<group>";
		};
		14F92C0422BB1AC700A5C5E4 /* Resources */ = {
			isa = PBXGroup;
			children = (
				14F92C0522BB1AC700A5C5E4 /* Media.xcassets */,
			);
			path = Resources;
			sourceTree = "<group>";
		};
		14F92C1C22BB766A00A5C5E4 /* Resource */ = {
			isa = PBXGroup;
			children = (
				1480B0F4238D2D7000E24BDB /* THML5常用控件总结.txt */,
				1480B0D6238CB8F000E24BDB /* Skull.jpg */,
				14F92C5522BB93EA00A5C5E4 /* DataModelsTemplate.txt */,
				14F92C1D22BB768400A5C5E4 /* appinfo.txt */,
				1482F71F22AB8BD500A7C5E1 /* main.m */,
				1482F72722AB8EC600A7C5E1 /* PrefixHeader.pch */,
				1482F72122AB8BD500A7C5E1 /* MacTemplet.entitlements */,
				1482F71922AB8BD500A7C5E1 /* Assets.xcassets */,
				1482F71E22AB8BD500A7C5E1 /* Info.plist */,
				14F2F55C22B77DDE009D49CE /* MacTemplet-Bridging-Header.h */,
			);
			name = Resource;
			sourceTree = "<group>";
		};
		14F92C2522BB8DBB00A5C5E4 /* Controller */ = {
			isa = PBXGroup;
			children = (
				1482F85622AB9C2E00A7C5E1 /* TableViewController.h */,
				1482F85722AB9C2E00A7C5E1 /* TableViewController.m */,
				14A63DB823AB83D90015725A /* NNTableViewController.swift */,
				14F2F5AA22B8FD18009D49CE /* CollectionViewController.h */,
				14F2F5AB22B8FD18009D49CE /* CollectionViewController.m */,
				14F0FDCA22AFA48E00057093 /* FirstViewController.h */,
				14F0FDCB22AFA48E00057093 /* FirstViewController.m */,
				14F0FDCD22AFA56900057093 /* OneWindowController.h */,
				14F0FDCE22AFA56900057093 /* OneWindowController.m */,
				14F2F59722B8DB25009D49CE /* SecondViewController.h */,
				14F2F59822B8DB25009D49CE /* SecondViewController.m */,
				14F2F59A22B8DB3D009D49CE /* ThirdViewController.h */,
				14F2F59B22B8DB3D009D49CE /* ThirdViewController.m */,
				14F2F59422B8D9A2009D49CE /* MainViewController.h */,
				14F2F59522B8D9A2009D49CE /* MainViewController.m */,
				14F2F5A222B8E147009D49CE /* NNTabViewController.h */,
				14F2F5A322B8E147009D49CE /* NNTabViewController.m */,
				14F92BDB22B9E75100A5C5E4 /* NNDialogWindowController.h */,
				14F92BDC22B9E75100A5C5E4 /* NNDialogWindowController.m */,
				14F92BE822BA17B200A5C5E4 /* DialogViewController.h */,
				14F92BE922BA17B200A5C5E4 /* DialogViewController.m */,
				1445783C22C2FDCD0007C7B3 /* NNTextViewContoller.h */,
				1445783D22C2FDCD0007C7B3 /* NNTextViewContoller.m */,
			);
			path = Controller;
			sourceTree = "<group>";
		};
		14F92C2622BB8DE500A5C5E4 /* Model */ = {
			isa = PBXGroup;
			children = (
				14F92C4322BB8E0800A5C5E4 /* DataModel.h */,
				14F92C4722BB8E0800A5C5E4 /* DataModel.m */,
				14F92C4422BB8E0800A5C5E4 /* ESClassInfo.h */,
				14F92C4C22BB8E0900A5C5E4 /* ESClassInfo.m */,
				14F92C4B22BB8E0800A5C5E4 /* ESFormatInfo.h */,
				14F92C4522BB8E0800A5C5E4 /* ESFormatInfo.m */,
				14F92C4622BB8E0800A5C5E4 /* ESPair.h */,
				14F92C4922BB8E0800A5C5E4 /* ESPair.m */,
				14F92C4A22BB8E0800A5C5E4 /* ESPbxprojInfo.h */,
				14F92C4822BB8E0800A5C5E4 /* ESPbxprojInfo.m */,
			);
			path = Model;
			sourceTree = "<group>";
		};
		14F92C3522BB8DE800A5C5E4 /* Format */ = {
			isa = PBXGroup;
			children = (
				14F92C3722BB8DE800A5C5E4 /* ESJsonFormatManager.h */,
				14F92C3822BB8DE800A5C5E4 /* ESJsonFormatManager.m */,
				14F92C3622BB8DE800A5C5E4 /* ESJsonFormat.h */,
				14F92C3922BB8DE800A5C5E4 /* ESJsonFormat.m */,
				14F92C5322BB925F00A5C5E4 /* ESJsonFormatSetting.h */,
				14F92C5222BB925F00A5C5E4 /* ESJsonFormatSetting.m */,
				14F92C5722BB951700A5C5E4 /* FileManager.h */,
				14F92C5822BB951700A5C5E4 /* FileManager.m */,
			);
			path = Format;
			sourceTree = "<group>";
		};
		14F92CF122BC6E5F00A5C5E4 /* NoodleLineNumber */ = {
			isa = PBXGroup;
			children = (
				14F92CF222BC6E6B00A5C5E4 /* NoodleLineNumberMarker.h */,
				14F92CF322BC6E6C00A5C5E4 /* NoodleLineNumberMarker.m */,
				14F92CF522BC6E6C00A5C5E4 /* NoodleLineNumberView.h */,
				14F92CF422BC6E6C00A5C5E4 /* NoodleLineNumberView.m */,
			);
			path = NoodleLineNumber;
			sourceTree = "<group>";
		};
		2FC3B9408044A2619FB61A13 /* Pods */ = {
			isa = PBXGroup;
			children = (
				76E84CFC8971B07075DAFB1F /* Pods-MacTemplet.debug.xcconfig */,
				CA72B7B1C24F23676115F0B0 /* Pods-MacTemplet.release.xcconfig */,
			);
			path = Pods;
			sourceTree = "<group>";
		};
/* End PBXGroup section */

/* Begin PBXNativeTarget section */
		1482F71222AB8BD400A7C5E1 /* MacTemplet */ = {
			isa = PBXNativeTarget;
			buildConfigurationList = 1482F72422AB8BD500A7C5E1 /* Build configuration list for PBXNativeTarget "MacTemplet" */;
			buildPhases = (
				6EA340B95869B73EEE817551 /* [CP] Check Pods Manifest.lock */,
				1482F70F22AB8BD400A7C5E1 /* Sources */,
				1482F71022AB8BD400A7C5E1 /* Frameworks */,
				1482F71122AB8BD400A7C5E1 /* Resources */,
				8E323FC6F5CA9D2988D98874 /* [CP] Embed Pods Frameworks */,
				14B617F32397916100A9336D /* bundleVersion */,
			);
			buildRules = (
			);
			dependencies = (
			);
			name = MacTemplet;
			productName = MacTemplet;
			productReference = 1482F71322AB8BD400A7C5E1 /* MacTemplet.app */;
			productType = "com.apple.product-type.application";
		};
/* End PBXNativeTarget section */

/* Begin PBXProject section */
		1482F70B22AB8BD400A7C5E1 /* Project object */ = {
			isa = PBXProject;
			attributes = {
				LastUpgradeCheck = 1020;
				ORGANIZATIONNAME = "Bin Shang";
				TargetAttributes = {
					1482F71222AB8BD400A7C5E1 = {
						CreatedOnToolsVersion = 10.2.1;
						LastSwiftMigration = 1020;
						SystemCapabilities = {
							com.apple.Sandbox = {
								enabled = 1;
							};
						};
					};
				};
			};
			buildConfigurationList = 1482F70E22AB8BD400A7C5E1 /* Build configuration list for PBXProject "MacTemplet" */;
			compatibilityVersion = "Xcode 9.3";
			developmentRegion = en;
			hasScannedForEncodings = 0;
			knownRegions = (
				en,
				Base,
			);
			mainGroup = 1482F70A22AB8BD400A7C5E1;
			productRefGroup = 1482F71422AB8BD400A7C5E1 /* Products */;
			projectDirPath = "";
			projectRoot = "";
			targets = (
				1482F71222AB8BD400A7C5E1 /* MacTemplet */,
			);
		};
/* End PBXProject section */

/* Begin PBXResourcesBuildPhase section */
		1482F71122AB8BD400A7C5E1 /* Resources */ = {
			isa = PBXResourcesBuildPhase;
			buildActionMask = 2147483647;
			files = (
				1480B0D7238CB8F000E24BDB /* Skull.jpg in Resources */,
				1445780322BDDAF90007C7B3 /* Swift-HandyJSON.json in Resources */,
				1480B0F5238D2D7000E24BDB /* THML5常用控件总结.txt in Resources */,
				1445780522BDDB540007C7B3 /* ObjC-YYModel.json in Resources */,
				14F92C0B22BB1AC700A5C5E4 /* Media.xcassets in Resources */,
				14F92C1E22BB768400A5C5E4 /* appinfo.txt in Resources */,
				14F92C5622BB93EB00A5C5E4 /* DataModelsTemplate.txt in Resources */,
				1482F71A22AB8BD500A7C5E1 /* Assets.xcassets in Resources */,
			);
			runOnlyForDeploymentPostprocessing = 0;
		};
/* End PBXResourcesBuildPhase section */

/* Begin PBXShellScriptBuildPhase section */
		14B617F32397916100A9336D /* bundleVersion */ = {
			isa = PBXShellScriptBuildPhase;
			buildActionMask = 2147483647;
			files = (
			);
			inputFileListPaths = (
			);
			inputPaths = (
			);
			name = bundleVersion;
			outputFileListPaths = (
			);
			outputPaths = (
			);
			runOnlyForDeploymentPostprocessing = 0;
			shellPath = /bin/sh;
			shellScript = "bundleVersion=$(/usr/libexec/PlistBuddy -c \"Print CFBundleVersion\" \"$INFOPLIST_FILE\")\nbundleVersion=$(date \"+%Y%m%d%H%M\")\n/usr/libexec/PlistBuddy -c \"Set :CFBundleVersion $bundleVersion\" \"$INFOPLIST_FILE\"\n";
		};
		6EA340B95869B73EEE817551 /* [CP] Check Pods Manifest.lock */ = {
			isa = PBXShellScriptBuildPhase;
			buildActionMask = 2147483647;
			files = (
			);
			inputFileListPaths = (
			);
			inputPaths = (
				"${PODS_PODFILE_DIR_PATH}/Podfile.lock",
				"${PODS_ROOT}/Manifest.lock",
			);
			name = "[CP] Check Pods Manifest.lock";
			outputFileListPaths = (
			);
			outputPaths = (
				"$(DERIVED_FILE_DIR)/Pods-MacTemplet-checkManifestLockResult.txt",
			);
			runOnlyForDeploymentPostprocessing = 0;
			shellPath = /bin/sh;
			shellScript = "diff \"${PODS_PODFILE_DIR_PATH}/Podfile.lock\" \"${PODS_ROOT}/Manifest.lock\" > /dev/null\nif [ $? != 0 ] ; then\n    # print error to STDERR\n    echo \"error: The sandbox is not in sync with the Podfile.lock. Run 'pod install' or update your CocoaPods installation.\" >&2\n    exit 1\nfi\n# This output is used by Xcode 'outputs' to avoid re-running this script phase.\necho \"SUCCESS\" > \"${SCRIPT_OUTPUT_FILE_0}\"\n";
			showEnvVarsInLog = 0;
		};
		8E323FC6F5CA9D2988D98874 /* [CP] Embed Pods Frameworks */ = {
			isa = PBXShellScriptBuildPhase;
			buildActionMask = 2147483647;
			files = (
			);
			inputFileListPaths = (
				"${PODS_ROOT}/Target Support Files/Pods-MacTemplet/Pods-MacTemplet-frameworks-${CONFIGURATION}-input-files.xcfilelist",
			);
			name = "[CP] Embed Pods Frameworks";
			outputFileListPaths = (
				"${PODS_ROOT}/Target Support Files/Pods-MacTemplet/Pods-MacTemplet-frameworks-${CONFIGURATION}-output-files.xcfilelist",
			);
			runOnlyForDeploymentPostprocessing = 0;
			shellPath = /bin/sh;
			shellScript = "\"${PODS_ROOT}/Target Support Files/Pods-MacTemplet/Pods-MacTemplet-frameworks.sh\"\n";
			showEnvVarsInLog = 0;
		};
/* End PBXShellScriptBuildPhase section */

/* Begin PBXSourcesBuildPhase section */
		1482F70F22AB8BD400A7C5E1 /* Sources */ = {
			isa = PBXSourcesBuildPhase;
			buildActionMask = 2147483647;
			files = (
				14F0FDA022ADF12C00057093 /* NSObject+Hook.m in Sources */,
				14F0FDA322ADF14100057093 /* NSViewController+Hook.m in Sources */,
				14F2F59922B8DB25009D49CE /* SecondViewController.m in Sources */,
				14D40A0622C3884900AF74B9 /* ProppertyLazyController.m in Sources */,
				14D40A0C22C462E200AF74B9 /* HomeViewController.m in Sources */,
				1480B0D9238CBDC200E24BDB /* NSStackViewController.swift in Sources */,
				1480B0F3238D172700E24BDB /* FileController.swift in Sources */,
				14F92C4222BB8DE800A5C5E4 /* ESJsonFormat.m in Sources */,
				14F92C0A22BB1AC700A5C5E4 /* NNAttStringKey.m in Sources */,
				14ADE20C23C87B4400037B0B /* NNCopyRightModel.swift in Sources */,
				14F2F5AC22B8FD18009D49CE /* CollectionViewController.m in Sources */,
				14F2F5B122B8FEE5009D49CE /* NSCTViewItemOne.m in Sources */,
				14627D9D23C863DE00FE9918 /* BatchVCCreateController.swift in Sources */,
				1480B0E3238CC63900E24BDB /* MapViewController.swift in Sources */,
				14F2F59D22B8DB3D009D49CE /* ThirdViewController.m in Sources */,
				14F2F59322B8D826009D49CE /* NNTableRowView.m in Sources */,
				14F92C4D22BB8E0900A5C5E4 /* ESFormatInfo.m in Sources */,
				14F0FDC922AF97E200057093 /* NNTextField.m in Sources */,
				14F92C4F22BB8E0900A5C5E4 /* ESPbxprojInfo.m in Sources */,
				1482F85922AB9C2E00A7C5E1 /* TableViewController.m in Sources */,
				14F92C5922BB951700A5C5E4 /* FileManager.m in Sources */,
				14F0FDE922B084EC00057093 /* NSTableView+Hook.m in Sources */,
				14F0FDD022AFA56900057093 /* OneWindowController.m in Sources */,
				14D40A1222C4A6DA00AF74B9 /* AuthorInfoController.m in Sources */,
				1482F86022ABA55F00A7C5E1 /* NNView.m in Sources */,
				1445782A22C1CDC90007C7B3 /* NSTableCellViewTen.m in Sources */,
				14A63DBC23AC63910015725A /* NSTableCellViewOne.swift in Sources */,
				1480B0EE238CED7200E24BDB /* NNSwitchThumbView.swift in Sources */,
				1445783B22C1FFE20007C7B3 /* NNClassInfoModel.m in Sources */,
				14F92BE622BA124E00A5C5E4 /* MainWindowController.m in Sources */,
				14F2F5BD22B90109009D49CE /* NSCTViewCellOne.m in Sources */,
				14F92C1B22BB6F3400A5C5E4 /* NNLabel.m in Sources */,
				14F92BEA22BA17B200A5C5E4 /* DialogViewController.m in Sources */,
				14A63DB923AB83D90015725A /* NNTableViewController.swift in Sources */,
				14F92C4122BB8DE800A5C5E4 /* ESJsonFormatManager.m in Sources */,
				1482F72022AB8BD500A7C5E1 /* main.m in Sources */,
				14F92C5022BB8E0900A5C5E4 /* ESPair.m in Sources */,
				14F92C5122BB8E0900A5C5E4 /* ESClassInfo.m in Sources */,
				14F92C5422BB925F00A5C5E4 /* ESJsonFormatSetting.m in Sources */,
				1480B0EF238CED7200E24BDB /* NNSwitch.swift in Sources */,
				1445783E22C2FDCE0007C7B3 /* NNTextViewContoller.m in Sources */,
				14F0FDE322B082AD00057093 /* NNTableView.m in Sources */,
				14132978238559CE00E7AFCA /* NSTestViewController.m in Sources */,
				1480B0E9238CC94100E24BDB /* MKMapView+Helper.swift in Sources */,
				14F92C1822BB611600A5C5E4 /* NNTextView.m in Sources */,
				14C0625523878FC70016EC8A /* TmpViewController.swift in Sources */,
				14F2F5A522B8E147009D49CE /* NNTabViewController.m in Sources */,
				14F92BF622BB13E900A5C5E4 /* NSObject+Helper.m in Sources */,
				14D40A0922C449B300AF74B9 /* NNPropertyInfoModel.m in Sources */,
				14F92CF722BC6E6C00A5C5E4 /* NoodleLineNumberView.m in Sources */,
				1480B0F1238CEF7800E24BDB /* NNSwitchView.swift in Sources */,
				14F92BDE22B9E75100A5C5E4 /* NNDialogWindowController.m in Sources */,
				14F2F58422B8707C009D49CE /* NNTextFieldCell.m in Sources */,
				14F92C0C22BB1AC700A5C5E4 /* NNGeneralConst.m in Sources */,
				1445780022BCF50E0007C7B3 /* Const.m in Sources */,
				14D40A0F22C4983D00AF74B9 /* NNButton.m in Sources */,
				14F92C1522BB3ADC00A5C5E4 /* AppDelegate+Menu.m in Sources */,
				14F08BCC2303BC1800B75842 /* JsonToModelController.m in Sources */,
				14627DA023C863F200FE9918 /* BatchAPICreateController.swift in Sources */,
				14F0FDCC22AFA48E00057093 /* FirstViewController.m in Sources */,
				14F92CF622BC6E6C00A5C5E4 /* NoodleLineNumberMarker.m in Sources */,
				14F2F58D22B881C4009D49CE /* NSTextFieldCell+Hook.m in Sources */,
				1445780F22BDF0520007C7B3 /* NNLanguageModel.m in Sources */,
				14F0FDA622ADF20400057093 /* NSView+Hook.m in Sources */,
				14F2F59622B8D9A2009D49CE /* MainViewController.m in Sources */,
				1482F71822AB8BD400A7C5E1 /* AppDelegate.m in Sources */,
				14F2F5B522B8FF98009D49CE /* NNCollectionView.m in Sources */,
				14ADE20E23C881FA00037B0B /* NNViewControllerModel.swift in Sources */,
				14F92C4E22BB8E0900A5C5E4 /* DataModel.m in Sources */,
			);
			runOnlyForDeploymentPostprocessing = 0;
		};
/* End PBXSourcesBuildPhase section */

/* Begin XCBuildConfiguration section */
		1482F72222AB8BD500A7C5E1 /* Debug */ = {
			isa = XCBuildConfiguration;
			buildSettings = {
				ALWAYS_SEARCH_USER_PATHS = NO;
				CLANG_ANALYZER_NONNULL = YES;
				CLANG_ANALYZER_NUMBER_OBJECT_CONVERSION = YES_AGGRESSIVE;
				CLANG_CXX_LANGUAGE_STANDARD = "gnu++14";
				CLANG_CXX_LIBRARY = "libc++";
				CLANG_ENABLE_MODULES = YES;
				CLANG_ENABLE_OBJC_ARC = YES;
				CLANG_ENABLE_OBJC_WEAK = YES;
				CLANG_WARN_BLOCK_CAPTURE_AUTORELEASING = YES;
				CLANG_WARN_BOOL_CONVERSION = YES;
				CLANG_WARN_COMMA = YES;
				CLANG_WARN_CONSTANT_CONVERSION = YES;
				CLANG_WARN_DEPRECATED_OBJC_IMPLEMENTATIONS = YES;
				CLANG_WARN_DIRECT_OBJC_ISA_USAGE = YES_ERROR;
				CLANG_WARN_DOCUMENTATION_COMMENTS = YES;
				CLANG_WARN_EMPTY_BODY = YES;
				CLANG_WARN_ENUM_CONVERSION = YES;
				CLANG_WARN_INFINITE_RECURSION = YES;
				CLANG_WARN_INT_CONVERSION = YES;
				CLANG_WARN_NON_LITERAL_NULL_CONVERSION = YES;
				CLANG_WARN_OBJC_IMPLICIT_RETAIN_SELF = YES;
				CLANG_WARN_OBJC_LITERAL_CONVERSION = YES;
				CLANG_WARN_OBJC_ROOT_CLASS = YES_ERROR;
				CLANG_WARN_RANGE_LOOP_ANALYSIS = YES;
				CLANG_WARN_STRICT_PROTOTYPES = YES;
				CLANG_WARN_SUSPICIOUS_MOVE = YES;
				CLANG_WARN_UNGUARDED_AVAILABILITY = YES_AGGRESSIVE;
				CLANG_WARN_UNREACHABLE_CODE = YES;
				CLANG_WARN__DUPLICATE_METHOD_MATCH = YES;
				CODE_SIGN_IDENTITY = "-";
				COPY_PHASE_STRIP = NO;
				DEBUG_INFORMATION_FORMAT = dwarf;
				ENABLE_STRICT_OBJC_MSGSEND = YES;
				ENABLE_TESTABILITY = YES;
				GCC_C_LANGUAGE_STANDARD = gnu11;
				GCC_DYNAMIC_NO_PIC = NO;
				GCC_NO_COMMON_BLOCKS = YES;
				GCC_OPTIMIZATION_LEVEL = 0;
				GCC_PREPROCESSOR_DEFINITIONS = (
					"DEBUG=1",
					"$(inherited)",
				);
				GCC_WARN_64_TO_32_BIT_CONVERSION = YES;
				GCC_WARN_ABOUT_RETURN_TYPE = YES_ERROR;
				GCC_WARN_UNDECLARED_SELECTOR = YES;
				GCC_WARN_UNINITIALIZED_AUTOS = YES_AGGRESSIVE;
				GCC_WARN_UNUSED_FUNCTION = YES;
				GCC_WARN_UNUSED_VARIABLE = YES;
				MACOSX_DEPLOYMENT_TARGET = 10.12;
				MTL_ENABLE_DEBUG_INFO = INCLUDE_SOURCE;
				MTL_FAST_MATH = YES;
				ONLY_ACTIVE_ARCH = YES;
				SDKROOT = macosx;
			};
			name = Debug;
		};
		1482F72322AB8BD500A7C5E1 /* Release */ = {
			isa = XCBuildConfiguration;
			buildSettings = {
				ALWAYS_SEARCH_USER_PATHS = NO;
				CLANG_ANALYZER_NONNULL = YES;
				CLANG_ANALYZER_NUMBER_OBJECT_CONVERSION = YES_AGGRESSIVE;
				CLANG_CXX_LANGUAGE_STANDARD = "gnu++14";
				CLANG_CXX_LIBRARY = "libc++";
				CLANG_ENABLE_MODULES = YES;
				CLANG_ENABLE_OBJC_ARC = YES;
				CLANG_ENABLE_OBJC_WEAK = YES;
				CLANG_WARN_BLOCK_CAPTURE_AUTORELEASING = YES;
				CLANG_WARN_BOOL_CONVERSION = YES;
				CLANG_WARN_COMMA = YES;
				CLANG_WARN_CONSTANT_CONVERSION = YES;
				CLANG_WARN_DEPRECATED_OBJC_IMPLEMENTATIONS = YES;
				CLANG_WARN_DIRECT_OBJC_ISA_USAGE = YES_ERROR;
				CLANG_WARN_DOCUMENTATION_COMMENTS = YES;
				CLANG_WARN_EMPTY_BODY = YES;
				CLANG_WARN_ENUM_CONVERSION = YES;
				CLANG_WARN_INFINITE_RECURSION = YES;
				CLANG_WARN_INT_CONVERSION = YES;
				CLANG_WARN_NON_LITERAL_NULL_CONVERSION = YES;
				CLANG_WARN_OBJC_IMPLICIT_RETAIN_SELF = YES;
				CLANG_WARN_OBJC_LITERAL_CONVERSION = YES;
				CLANG_WARN_OBJC_ROOT_CLASS = YES_ERROR;
				CLANG_WARN_RANGE_LOOP_ANALYSIS = YES;
				CLANG_WARN_STRICT_PROTOTYPES = YES;
				CLANG_WARN_SUSPICIOUS_MOVE = YES;
				CLANG_WARN_UNGUARDED_AVAILABILITY = YES_AGGRESSIVE;
				CLANG_WARN_UNREACHABLE_CODE = YES;
				CLANG_WARN__DUPLICATE_METHOD_MATCH = YES;
				CODE_SIGN_IDENTITY = "-";
				COPY_PHASE_STRIP = NO;
				DEBUG_INFORMATION_FORMAT = "dwarf-with-dsym";
				ENABLE_NS_ASSERTIONS = NO;
				ENABLE_STRICT_OBJC_MSGSEND = YES;
				GCC_C_LANGUAGE_STANDARD = gnu11;
				GCC_NO_COMMON_BLOCKS = YES;
				GCC_WARN_64_TO_32_BIT_CONVERSION = YES;
				GCC_WARN_ABOUT_RETURN_TYPE = YES_ERROR;
				GCC_WARN_UNDECLARED_SELECTOR = YES;
				GCC_WARN_UNINITIALIZED_AUTOS = YES_AGGRESSIVE;
				GCC_WARN_UNUSED_FUNCTION = YES;
				GCC_WARN_UNUSED_VARIABLE = YES;
				MACOSX_DEPLOYMENT_TARGET = 10.12;
				MTL_ENABLE_DEBUG_INFO = NO;
				MTL_FAST_MATH = YES;
				SDKROOT = macosx;
			};
			name = Release;
		};
		1482F72522AB8BD500A7C5E1 /* Debug */ = {
			isa = XCBuildConfiguration;
			baseConfigurationReference = 76E84CFC8971B07075DAFB1F /* Pods-MacTemplet.debug.xcconfig */;
			buildSettings = {
				ASSETCATALOG_COMPILER_APPICON_NAME = AppIcon;
				CLANG_ENABLE_MODULES = YES;
				CODE_SIGN_ENTITLEMENTS = MacTemplet/MacTemplet.entitlements;
				CODE_SIGN_STYLE = Automatic;
				COMBINE_HIDPI_IMAGES = YES;
				CURRENT_PROJECT_VERSION = 1.4.0;
				GCC_PREFIX_HEADER = MacTemplet/PrefixHeader.pch;
				INFOPLIST_FILE = MacTemplet/Info.plist;
				LD_RUNPATH_SEARCH_PATHS = (
					"$(inherited)",
					"@executable_path/../Frameworks",
				);
				MACOSX_DEPLOYMENT_TARGET = 10.12;
				MARKETING_VERSION = 1.4.0;
				OTHER_SWIFT_FLAGS = "$(inherited) -DDEBUG";
				PRODUCT_BUNDLE_IDENTIFIER = bin.MacTemplet.codeHelper;
				PRODUCT_NAME = "$(TARGET_NAME)";
				SWIFT_OBJC_BRIDGING_HEADER = "MacTemplet/MacTemplet-Bridging-Header.h";
				SWIFT_OPTIMIZATION_LEVEL = "-Onone";
				SWIFT_VERSION = 5.0;
			};
			name = Debug;
		};
		1482F72622AB8BD500A7C5E1 /* Release */ = {
			isa = XCBuildConfiguration;
			baseConfigurationReference = CA72B7B1C24F23676115F0B0 /* Pods-MacTemplet.release.xcconfig */;
			buildSettings = {
				ASSETCATALOG_COMPILER_APPICON_NAME = AppIcon;
				CLANG_ENABLE_MODULES = YES;
				CODE_SIGN_ENTITLEMENTS = MacTemplet/MacTemplet.entitlements;
				CODE_SIGN_STYLE = Automatic;
				COMBINE_HIDPI_IMAGES = YES;
				CURRENT_PROJECT_VERSION = 1.4.0;
				GCC_PREFIX_HEADER = MacTemplet/PrefixHeader.pch;
				INFOPLIST_FILE = MacTemplet/Info.plist;
				LD_RUNPATH_SEARCH_PATHS = (
					"$(inherited)",
					"@executable_path/../Frameworks",
				);
				MACOSX_DEPLOYMENT_TARGET = 10.12;
				MARKETING_VERSION = 1.4.0;
				OTHER_SWIFT_FLAGS = "$(inherited)";
				PRODUCT_BUNDLE_IDENTIFIER = bin.MacTemplet.codeHelper;
				PRODUCT_NAME = "$(TARGET_NAME)";
				SWIFT_OBJC_BRIDGING_HEADER = "MacTemplet/MacTemplet-Bridging-Header.h";
				SWIFT_VERSION = 5.0;
			};
			name = Release;
		};
/* End XCBuildConfiguration section */

/* Begin XCConfigurationList section */
		1482F70E22AB8BD400A7C5E1 /* Build configuration list for PBXProject "MacTemplet" */ = {
			isa = XCConfigurationList;
			buildConfigurations = (
				1482F72222AB8BD500A7C5E1 /* Debug */,
				1482F72322AB8BD500A7C5E1 /* Release */,
			);
			defaultConfigurationIsVisible = 0;
			defaultConfigurationName = Release;
		};
		1482F72422AB8BD500A7C5E1 /* Build configuration list for PBXNativeTarget "MacTemplet" */ = {
			isa = XCConfigurationList;
			buildConfigurations = (
				1482F72522AB8BD500A7C5E1 /* Debug */,
				1482F72622AB8BD500A7C5E1 /* Release */,
			);
			defaultConfigurationIsVisible = 0;
			defaultConfigurationName = Release;
		};
/* End XCConfigurationList section */
	};
	rootObject = 1482F70B22AB8BD400A7C5E1 /* Project object */;
}
